
Microsoft Visual Studio Solution File, Format Version 12.00
# Visual Studio Version 16
VisualStudioVersion = 16.0.30011.22
MinimumVisualStudioVersion = 10.0.40219.1
Project("{FAE04EC0-301F-11D3-BF4B-00C04F79EFBC}") = "PerformanceMeter", "PerformanceMeter.csproj", "{68EA3912-8A4C-49C1-9CB7-E385986C469D}"
EndProject
Global
	GlobalSection(SolutionConfigurationPlatforms) = preSolution
		Debug|Any CPU = Debug|Any CPU
		Release|Any CPU = Release|Any CPU
	EndGlobalSection
	GlobalSection(ProjectConfigurationPlatforms) = postSolution
		{68EA3912-8A4C-49C1-9CB7-E385986C469D}.Debug|Any CPU.ActiveCfg = Debug|Any CPU
		{68EA3912-8A4C-49C1-9CB7-E385986C469D}.Debug|Any CPU.Build.0 = Debug|Any CPU
		{68EA3912-8A4C-49C1-9CB7-E385986C469D}.Release|Any CPU.ActiveCfg = Release|Any CPU
		{68EA3912-8A4C-49C1-9CB7-E385986C469D}.Release|Any CPU.Build.0 = Release|Any CPU
	EndGlobalSection
	GlobalSection(SolutionProperties) = preSolution
		HideSolutionNode = FALSE
	EndGlobalSection
	GlobalSection(ExtensibilityGlobals) = postSolution
		SolutionGuid = {6D8E14F9-0C44-4EFB-84D5-C0F56873299D}
	EndGlobalSection
EndGlobal
